
Microsoft Visual Studio Solution File, Format Version 12.00
# Visual Studio Version 16
VisualStudioVersion = 16.0.29613.14
MinimumVisualStudioVersion = 10.0.40219.1
Project("{9A19103F-16F7-4668-BE54-9A1E7A4F7556}") = "Rakor.Blazor.ECharts", "Rakor.Blazor.ECharts\Rakor.Blazor.ECharts.csproj", "{9CF6521D-9BAD-463C-B370-3DB2D7C2FCA0}"
EndProject
Project("{9A19103F-16F7-4668-BE54-9A1E7A4F7556}") = "Demo", "Rakor.Blazor.ECharts.Demo\Demo.csproj", "{32C13C1D-CBF1-4B17-8843-B8052831FBFB}"
EndProject
Global
	GlobalSection(SolutionConfigurationPlatforms) = preSolution
		Debug|Any CPU = Debug|Any CPU
		Release|Any CPU = Release|Any CPU
	EndGlobalSection
	GlobalSection(ProjectConfigurationPlatforms) = postSolution
		{9CF6521D-9BAD-463C-B370-3DB2D7C2FCA0}.Debug|Any CPU.ActiveCfg = Debug|Any CPU
		{9CF6521D-9BAD-463C-B370-3DB2D7C2FCA0}.Debug|Any CPU.Build.0 = Debug|Any CPU
		{9CF6521D-9BAD-463C-B370-3DB2D7C2FCA0}.Release|Any CPU.ActiveCfg = Release|Any CPU
		{9CF6521D-9BAD-463C-B370-3DB2D7C2FCA0}.Release|Any CPU.Build.0 = Release|Any CPU
		{32C13C1D-CBF1-4B17-8843-B8052831FBFB}.Debug|Any CPU.ActiveCfg = Debug|Any CPU
		{32C13C1D-CBF1-4B17-8843-B8052831FBFB}.Debug|Any CPU.Build.0 = Debug|Any CPU
		{32C13C1D-CBF1-4B17-8843-B8052831FBFB}.Release|Any CPU.ActiveCfg = Release|Any CPU
		{32C13C1D-CBF1-4B17-8843-B8052831FBFB}.Release|Any CPU.Build.0 = Release|Any CPU
	EndGlobalSection
	GlobalSection(SolutionProperties) = preSolution
		HideSolutionNode = FALSE
	EndGlobalSection
	GlobalSection(ExtensibilityGlobals) = postSolution
		SolutionGuid = {76912AC9-447E-471E-8E59-EF381DA212AC}
	EndGlobalSection
EndGlobal
